{
    "version": 3,
    "terraform_version": "0.11.2",
    "serial": 7,
    "lineage": "40456e60-b295-4b0f-8421-7043c0f7ac91",
    "modules": [
        {
            "path": [
                "root"
            ],
            "outputs": {},
            "resources": {
                "aws_appsync_datasource.conversations": {
                    "type": "aws_appsync_datasource",
                    "depends_on": [
                        "aws_appsync_graphql_api.api",
                        "aws_dynamodb_table.conversations",
                        "aws_iam_role.appsync"
                    ],
                    "primary": {
                        "id": "wcgls7grtzdl5e7qt5c5gu2lpe-conversations",
                        "attributes": {
                            "api_id": "wcgls7grtzdl5e7qt5c5gu2lpe",
                            "arn": "arn:aws:appsync:us-east-2:891750654027:apis/wcgls7grtzdl5e7qt5c5gu2lpe/datasources/conversations",
                            "description": "",
                            "dynamodb_config.#": "1",
                            "dynamodb_config.0.region": "us-west-2",
                            "dynamodb_config.0.table_name": "chatty_conversations",
                            "dynamodb_config.0.use_caller_credentials": "false",
                            "elasticsearch_config.#": "0",
                            "id": "wcgls7grtzdl5e7qt5c5gu2lpe-conversations",
                            "lambda_config.#": "0",
                            "name": "conversations",
                            "service_role_arn": "arn:aws:iam::891750654027:role/chatty_appsync",
                            "type": "AMAZON_DYNAMODB"
                        },
                        "meta": {},
                        "tainted": false
                    },
                    "deposed": [],
                    "provider": "provider.aws"
                },
                "aws_appsync_datasource.messages": {
                    "type": "aws_appsync_datasource",
                    "depends_on": [
                        "aws_appsync_graphql_api.api",
                        "aws_dynamodb_table.messages",
                        "aws_iam_role.appsync"
                    ],
                    "primary": {
                        "id": "wcgls7grtzdl5e7qt5c5gu2lpe-messages",
                        "attributes": {
                            "api_id": "wcgls7grtzdl5e7qt5c5gu2lpe",
                            "arn": "arn:aws:appsync:us-east-2:891750654027:apis/wcgls7grtzdl5e7qt5c5gu2lpe/datasources/messages",
                            "dynamodb_config.#": "1",
                            "dynamodb_config.0.region": "us-west-2",
                            "dynamodb_config.0.table_name": "chatty_messages",
                            "dynamodb_config.0.use_caller_credentials": "false",
                            "id": "wcgls7grtzdl5e7qt5c5gu2lpe-messages",
                            "name": "messages",
                            "service_role_arn": "arn:aws:iam::891750654027:role/chatty_appsync",
                            "type": "AMAZON_DYNAMODB"
                        },
                        "meta": {},
                        "tainted": false
                    },
                    "deposed": [],
                    "provider": "provider.aws"
                },
                "aws_appsync_graphql_api.api": {
                    "type": "aws_appsync_graphql_api",
                    "depends_on": [
                        "aws_cognito_user_pool.chatty"
                    ],
                    "primary": {
                        "id": "wcgls7grtzdl5e7qt5c5gu2lpe",
                        "attributes": {
                            "arn": "arn:aws:appsync:us-east-2:891750654027:apis/wcgls7grtzdl5e7qt5c5gu2lpe",
                            "authentication_type": "AMAZON_COGNITO_USER_POOLS",
                            "id": "wcgls7grtzdl5e7qt5c5gu2lpe",
                            "name": "chatty",
                            "user_pool_config.#": "1",
                            "user_pool_config.0.app_id_client_regex": "",
                            "user_pool_config.0.aws_region": "us-east-2",
                            "user_pool_config.0.default_action": "DENY",
                            "user_pool_config.0.user_pool_id": "us-east-2_23G3PTJkb"
                        },
                        "meta": {},
                        "tainted": false
                    },
                    "deposed": [],
                    "provider": "provider.aws"
                },
                "aws_cognito_user_pool.chatty": {
                    "type": "aws_cognito_user_pool",
                    "depends_on": [],
                    "primary": {
                        "id": "us-east-2_23G3PTJkb",
                        "attributes": {
                            "admin_create_user_config.#": "1",
                            "admin_create_user_config.0.allow_admin_create_user_only": "false",
                            "admin_create_user_config.0.invite_message_template.#": "0",
                            "admin_create_user_config.0.unused_account_validity_days": "7",
                            "arn": "arn:aws:cognito-idp:us-east-2:891750654027:userpool/us-east-2_23G3PTJkb",
                            "auto_verified_attributes.#": "0",
                            "creation_date": "2018-03-30T13:31:10Z",
                            "device_configuration.#": "0",
                            "email_configuration.#": "0",
                            "id": "us-east-2_23G3PTJkb",
                            "lambda_config.#": "0",
                            "last_modified_date": "2018-03-30T13:31:10Z",
                            "mfa_configuration": "OFF",
                            "name": "chatty",
                            "password_policy.#": "1",
                            "password_policy.0.minimum_length": "8",
                            "password_policy.0.require_lowercase": "true",
                            "password_policy.0.require_numbers": "true",
                            "password_policy.0.require_symbols": "true",
                            "password_policy.0.require_uppercase": "true",
                            "schema.#": "0",
                            "sms_configuration.#": "0",
                            "tags.%": "0",
                            "verification_message_template.#": "1",
                            "verification_message_template.0.default_email_option": "CONFIRM_WITH_CODE",
                            "verification_message_template.0.email_message": "",
                            "verification_message_template.0.email_message_by_link": "",
                            "verification_message_template.0.email_subject": "",
                            "verification_message_template.0.email_subject_by_link": "",
                            "verification_message_template.0.sms_message": ""
                        },
                        "meta": {},
                        "tainted": false
                    },
                    "deposed": [],
                    "provider": "provider.aws"
                },
                "aws_dynamodb_table.conversations": {
                    "type": "aws_dynamodb_table",
                    "depends_on": [],
                    "primary": {
                        "id": "chatty_conversations",
                        "attributes": {
                            "arn": "arn:aws:dynamodb:us-east-2:891750654027:table/chatty_conversations",
                            "attribute.#": "1",
                            "attribute.4228504427.name": "id",
                            "attribute.4228504427.type": "S",
                            "global_secondary_index.#": "0",
                            "hash_key": "id",
                            "id": "chatty_conversations",
                            "local_secondary_index.#": "0",
                            "name": "chatty_conversations",
                            "read_capacity": "1",
                            "server_side_encryption.#": "0",
                            "stream_arn": "",
                            "stream_enabled": "false",
                            "stream_label": "",
                            "stream_view_type": "",
                            "tags.%": "0",
                            "ttl.#": "0",
                            "write_capacity": "1"
                        },
                        "meta": {
                            "e2bfb730-ecaa-11e6-8f88-34363bc7c4c0": {
                                "create": 600000000000,
                                "delete": 600000000000,
                                "update": 600000000000
                            },
                            "schema_version": "1"
                        },
                        "tainted": false
                    },
                    "deposed": [],
                    "provider": "provider.aws"
                },
                "aws_dynamodb_table.messages": {
                    "type": "aws_dynamodb_table",
                    "depends_on": [],
                    "primary": {
                        "id": "chatty_messages",
                        "attributes": {
                            "arn": "arn:aws:dynamodb:us-east-2:891750654027:table/chatty_messages",
                            "attribute.#": "2",
                            "attribute.2880002861.name": "conversationId",
                            "attribute.2880002861.type": "S",
                            "attribute.3090416918.name": "createdAt",
                            "attribute.3090416918.type": "S",
                            "global_secondary_index.#": "0",
                            "hash_key": "conversationId",
                            "id": "chatty_messages",
                            "local_secondary_index.#": "0",
                            "name": "chatty_messages",
                            "range_key": "createdAt",
                            "read_capacity": "1",
                            "server_side_encryption.#": "0",
                            "stream_arn": "",
                            "stream_enabled": "false",
                            "stream_label": "",
                            "stream_view_type": "",
                            "tags.%": "0",
                            "ttl.#": "0",
                            "write_capacity": "1"
                        },
                        "meta": {
                            "e2bfb730-ecaa-11e6-8f88-34363bc7c4c0": {
                                "create": 600000000000,
                                "delete": 600000000000,
                                "update": 600000000000
                            },
                            "schema_version": "1"
                        },
                        "tainted": false
                    },
                    "deposed": [],
                    "provider": "provider.aws"
                },
                "aws_dynamodb_table.users": {
                    "type": "aws_dynamodb_table",
                    "depends_on": [],
                    "primary": {
                        "id": "chatty_users",
                        "attributes": {
                            "arn": "arn:aws:dynamodb:us-east-2:891750654027:table/chatty_users",
                            "attribute.#": "1",
                            "attribute.4228504427.name": "id",
                            "attribute.4228504427.type": "S",
                            "global_secondary_index.#": "0",
                            "hash_key": "id",
                            "id": "chatty_users",
                            "local_secondary_index.#": "0",
                            "name": "chatty_users",
                            "read_capacity": "1",
                            "server_side_encryption.#": "0",
                            "stream_arn": "",
                            "stream_enabled": "false",
                            "stream_label": "",
                            "stream_view_type": "",
                            "tags.%": "0",
                            "ttl.#": "0",
                            "write_capacity": "1"
                        },
                        "meta": {
                            "e2bfb730-ecaa-11e6-8f88-34363bc7c4c0": {
                                "create": 600000000000,
                                "delete": 600000000000,
                                "update": 600000000000
                            },
                            "schema_version": "1"
                        },
                        "tainted": false
                    },
                    "deposed": [],
                    "provider": "provider.aws"
                },
                "aws_iam_role.appsync": {
                    "type": "aws_iam_role",
                    "depends_on": [],
                    "primary": {
                        "id": "chatty_appsync",
                        "attributes": {
                            "arn": "arn:aws:iam::891750654027:role/chatty_appsync",
                            "assume_role_policy": "{\"Version\":\"2012-10-17\",\"Statement\":[{\"Effect\":\"Allow\",\"Principal\":{\"Service\":\"appsync.amazonaws.com\"},\"Action\":\"sts:AssumeRole\"}]}",
                            "create_date": "2018-03-30T13:36:03Z",
                            "force_detach_policies": "false",
                            "id": "chatty_appsync",
                            "name": "chatty_appsync",
                            "path": "/",
                            "unique_id": "AROAJAHOKATVUOL5FZV7G"
                        },
                        "meta": {},
                        "tainted": false
                    },
                    "deposed": [],
                    "provider": "provider.aws"
                },
                "aws_iam_role_policy.dynamodb": {
                    "type": "aws_iam_role_policy",
                    "depends_on": [
                        "aws_dynamodb_table.conversations",
                        "aws_dynamodb_table.messages",
                        "aws_dynamodb_table.users",
                        "aws_iam_role.appsync"
                    ],
                    "primary": {
                        "id": "chatty_appsync:appsync_dynamodb",
                        "attributes": {
                            "id": "chatty_appsync:appsync_dynamodb",
                            "name": "appsync_dynamodb",
                            "policy": "{\n  \"Version\": \"2012-10-17\",\n  \"Statement\": [\n    {\n      \"Action\": [\n        \"dynamodb:*\"\n      ],\n      \"Effect\": \"Allow\",\n      \"Resource\": [\n        \"arn:aws:dynamodb:us-east-2:891750654027:table/chatty_conversations\",\n        \"arn:aws:dynamodb:us-east-2:891750654027:table/chatty_messages\",\n        \"arn:aws:dynamodb:us-east-2:891750654027:table/chatty_users\"\n      ]\n    }\n  ]\n}\n",
                            "role": "chatty_appsync"
                        },
                        "meta": {},
                        "tainted": false
                    },
                    "deposed": [],
                    "provider": "provider.aws"
                }
            },
            "depends_on": []
        }
    ]
}
